// !$*UTF8*$!
{
	archiveVersion = 1;
	classes = {
	};
	objectVersion = 56;
	objects = {

/* Begin PBXBuildFile section */
		BA0382252DC22E1A00B5A1E3 /* SecondaryButton.swift in Sources */ = {isa = PBXBuildFile; fileRef = BA0382242DC22E1A00B5A1E3 /* SecondaryButton.swift */; };
		BA0382272DC22ECA00B5A1E3 /* TertiaryButton.swift in Sources */ = {isa = PBXBuildFile; fileRef = BA0382262DC22ECA00B5A1E3 /* TertiaryButton.swift */; };
		BA072BFE2DB236E400279CC2 /* OnBoardingScreen.swift in Sources */ = {isa = PBXBuildFile; fileRef = BA072BFD2DB236E400279CC2 /* OnBoardingScreen.swift */; };
		BA072C012DB2380D00279CC2 /* SplashScreen.swift in Sources */ = {isa = PBXBuildFile; fileRef = BA072C002DB2380D00279CC2 /* SplashScreen.swift */; };
		BA072C102DB23ACF00279CC2 /* Manrope-VariableFont_wght.ttf in Resources */ = {isa = PBXBuildFile; fileRef = BA072C052DB23ACF00279CC2 /* Manrope-VariableFont_wght.ttf */; };
		BA072C112DB23ACF00279CC2 /* Manrope-Medium.ttf in Resources */ = {isa = PBXBuildFile; fileRef = BA072C072DB23ACF00279CC2 /* Manrope-Medium.ttf */; };
		BA072C122DB23ACF00279CC2 /* Manrope-SemiBold.ttf in Resources */ = {isa = PBXBuildFile; fileRef = BA072C082DB23ACF00279CC2 /* Manrope-SemiBold.ttf */; };
		BA072C132DB23ACF00279CC2 /* Manrope-ExtraBold.ttf in Resources */ = {isa = PBXBuildFile; fileRef = BA072C092DB23ACF00279CC2 /* Manrope-ExtraBold.ttf */; };
		BA072C142DB23ACF00279CC2 /* Manrope-Regular.ttf in Resources */ = {isa = PBXBuildFile; fileRef = BA072C0A2DB23ACF00279CC2 /* Manrope-Regular.ttf */; };
		BA072C152DB23ACF00279CC2 /* Manrope-ExtraLight.ttf in Resources */ = {isa = PBXBuildFile; fileRef = BA072C0B2DB23ACF00279CC2 /* Manrope-ExtraLight.ttf */; };
		BA072C162DB23ACF00279CC2 /* Manrope-Light.ttf in Resources */ = {isa = PBXBuildFile; fileRef = BA072C0C2DB23ACF00279CC2 /* Manrope-Light.ttf */; };
		BA072C172DB23ACF00279CC2 /* Manrope-Bold.ttf in Resources */ = {isa = PBXBuildFile; fileRef = BA072C0D2DB23ACF00279CC2 /* Manrope-Bold.ttf */; };
		BA072C182DB23ACF00279CC2 /* OFL.txt in Resources */ = {isa = PBXBuildFile; fileRef = BA072C0E2DB23ACF00279CC2 /* OFL.txt */; };
		BA072C192DB23AD000279CC2 /* README.txt in Resources */ = {isa = PBXBuildFile; fileRef = BA072C0F2DB23ACF00279CC2 /* README.txt */; };
		BA072C1C2DB23CBF00279CC2 /* Font+Extension.swift in Sources */ = {isa = PBXBuildFile; fileRef = BA072C1B2DB23CBF00279CC2 /* Font+Extension.swift */; };
		BA072C1E2DB23D3D00279CC2 /* String+Extension.swift in Sources */ = {isa = PBXBuildFile; fileRef = BA072C1D2DB23D3D00279CC2 /* String+Extension.swift */; };
		BA072C212DB2649700279CC2 /* OnBoardingScreen2.swift in Sources */ = {isa = PBXBuildFile; fileRef = BA072C202DB2649700279CC2 /* OnBoardingScreen2.swift */; };
		BA072C232DB264A700279CC2 /* OnBoardingScreen3.swift in Sources */ = {isa = PBXBuildFile; fileRef = BA072C222DB264A700279CC2 /* OnBoardingScreen3.swift */; };
		BA1768EB2DD200A300A04B01 /* PhoneNumberTextField.swift in Sources */ = {isa = PBXBuildFile; fileRef = BA1768EA2DD200A300A04B01 /* PhoneNumberTextField.swift */; };
		BA1768ED2DD20DD000A04B01 /* SignUpView.swift in Sources */ = {isa = PBXBuildFile; fileRef = BA1768EC2DD20DD000A04B01 /* SignUpView.swift */; };
		BA64ADFF2DCC870B00571977 /* CustomButtonTabs.swift in Sources */ = {isa = PBXBuildFile; fileRef = BA64ADFE2DCC870A00571977 /* CustomButtonTabs.swift */; };
		BAE593582DBB9B2300AC82EB /* PrimaryButton.swift in Sources */ = {isa = PBXBuildFile; fileRef = BAE593572DBB9B2300AC82EB /* PrimaryButton.swift */; };
		BAE5935A2DBB9D7600AC82EB /* Colors.xcassets in Resources */ = {isa = PBXBuildFile; fileRef = BAE593592DBB9D7600AC82EB /* Colors.xcassets */; };
		BAE5935C2DBB9F1D00AC82EB /* Padding+CornerRadius.swift in Sources */ = {isa = PBXBuildFile; fileRef = BAE5935B2DBB9F1D00AC82EB /* Padding+CornerRadius.swift */; };
		BAE8887E2DB22D250054BCE0 /* Tidoy_AppApp.swift in Sources */ = {isa = PBXBuildFile; fileRef = BAE8887D2DB22D250054BCE0 /* Tidoy_AppApp.swift */; };
		BAE888802DB22D250054BCE0 /* ContentView.swift in Sources */ = {isa = PBXBuildFile; fileRef = BAE8887F2DB22D250054BCE0 /* ContentView.swift */; };
		BAE888822DB22D280054BCE0 /* Assets.xcassets in Resources */ = {isa = PBXBuildFile; fileRef = BAE888812DB22D280054BCE0 /* Assets.xcassets */; };
		BAE888852DB22D280054BCE0 /* Preview Assets.xcassets in Resources */ = {isa = PBXBuildFile; fileRef = BAE888842DB22D280054BCE0 /* Preview Assets.xcassets */; };
		BAF040202DCC96EE00458972 /* LoginView.swift in Sources */ = {isa = PBXBuildFile; fileRef = BAF0401F2DCC96EE00458972 /* LoginView.swift */; };
		BAF040222DCDD53700458972 /* CustomTextField.swift in Sources */ = {isa = PBXBuildFile; fileRef = BAF040212DCDD53700458972 /* CustomTextField.swift */; };
		BAF040242DCDD56000458972 /* Enum+TextFieldStates.swift in Sources */ = {isa = PBXBuildFile; fileRef = BAF040232DCDD56000458972 /* Enum+TextFieldStates.swift */; };
		BAF718A52DCE062B001F01A6 /* View+Extension.swift in Sources */ = {isa = PBXBuildFile; fileRef = BAF718A42DCE062B001F01A6 /* View+Extension.swift */; };
/* End PBXBuildFile section */

/* Begin PBXFileReference section */
		BA0382242DC22E1A00B5A1E3 /* SecondaryButton.swift */ = {isa = PBXFileReference; lastKnownFileType = sourcecode.swift; path = SecondaryButton.swift; sourceTree = "<group>"; };
		BA0382262DC22ECA00B5A1E3 /* TertiaryButton.swift */ = {isa = PBXFileReference; lastKnownFileType = sourcecode.swift; path = TertiaryButton.swift; sourceTree = "<group>"; };
		BA072BFD2DB236E400279CC2 /* OnBoardingScreen.swift */ = {isa = PBXFileReference; lastKnownFileType = sourcecode.swift; path = OnBoardingScreen.swift; sourceTree = "<group>"; };
		BA072C002DB2380D00279CC2 /* SplashScreen.swift */ = {isa = PBXFileReference; lastKnownFileType = sourcecode.swift; path = SplashScreen.swift; sourceTree = "<group>"; };
		BA072C052DB23ACF00279CC2 /* Manrope-VariableFont_wght.ttf */ = {isa = PBXFileReference; lastKnownFileType = file; path = "Manrope-VariableFont_wght.ttf"; sourceTree = "<group>"; };
		BA072C072DB23ACF00279CC2 /* Manrope-Medium.ttf */ = {isa = PBXFileReference; lastKnownFileType = file; path = "Manrope-Medium.ttf"; sourceTree = "<group>"; };
		BA072C082DB23ACF00279CC2 /* Manrope-SemiBold.ttf */ = {isa = PBXFileReference; lastKnownFileType = file; path = "Manrope-SemiBold.ttf"; sourceTree = "<group>"; };
		BA072C092DB23ACF00279CC2 /* Manrope-ExtraBold.ttf */ = {isa = PBXFileReference; lastKnownFileType = file; path = "Manrope-ExtraBold.ttf"; sourceTree = "<group>"; };
		BA072C0A2DB23ACF00279CC2 /* Manrope-Regular.ttf */ = {isa = PBXFileReference; lastKnownFileType = file; path = "Manrope-Regular.ttf"; sourceTree = "<group>"; };
		BA072C0B2DB23ACF00279CC2 /* Manrope-ExtraLight.ttf */ = {isa = PBXFileReference; lastKnownFileType = file; path = "Manrope-ExtraLight.ttf"; sourceTree = "<group>"; };
		BA072C0C2DB23ACF00279CC2 /* Manrope-Light.ttf */ = {isa = PBXFileReference; lastKnownFileType = file; path = "Manrope-Light.ttf"; sourceTree = "<group>"; };
		BA072C0D2DB23ACF00279CC2 /* Manrope-Bold.ttf */ = {isa = PBXFileReference; lastKnownFileType = file; path = "Manrope-Bold.ttf"; sourceTree = "<group>"; };
		BA072C0E2DB23ACF00279CC2 /* OFL.txt */ = {isa = PBXFileReference; fileEncoding = 4; lastKnownFileType = text; path = OFL.txt; sourceTree = "<group>"; };
		BA072C0F2DB23ACF00279CC2 /* README.txt */ = {isa = PBXFileReference; fileEncoding = 4; lastKnownFileType = text; path = README.txt; sourceTree = "<group>"; };
		BA072C1B2DB23CBF00279CC2 /* Font+Extension.swift */ = {isa = PBXFileReference; lastKnownFileType = sourcecode.swift; path = "Font+Extension.swift"; sourceTree = "<group>"; };
		BA072C1D2DB23D3D00279CC2 /* String+Extension.swift */ = {isa = PBXFileReference; lastKnownFileType = sourcecode.swift; path = "String+Extension.swift"; sourceTree = "<group>"; };
		BA072C1F2DB23DF600279CC2 /* Tidoy-App-Info.plist */ = {isa = PBXFileReference; lastKnownFileType = text.plist; path = "Tidoy-App-Info.plist"; sourceTree = SOURCE_ROOT; };
		BA072C202DB2649700279CC2 /* OnBoardingScreen2.swift */ = {isa = PBXFileReference; lastKnownFileType = sourcecode.swift; path = OnBoardingScreen2.swift; sourceTree = "<group>"; };
		BA072C222DB264A700279CC2 /* OnBoardingScreen3.swift */ = {isa = PBXFileReference; lastKnownFileType = sourcecode.swift; path = OnBoardingScreen3.swift; sourceTree = "<group>"; };
		BA1768EA2DD200A300A04B01 /* PhoneNumberTextField.swift */ = {isa = PBXFileReference; lastKnownFileType = sourcecode.swift; path = PhoneNumberTextField.swift; sourceTree = "<group>"; };
		BA1768EC2DD20DD000A04B01 /* SignUpView.swift */ = {isa = PBXFileReference; lastKnownFileType = sourcecode.swift; path = SignUpView.swift; sourceTree = "<group>"; };
		BA64ADFE2DCC870A00571977 /* CustomButtonTabs.swift */ = {isa = PBXFileReference; lastKnownFileType = sourcecode.swift; path = CustomButtonTabs.swift; sourceTree = "<group>"; };
		BAE593572DBB9B2300AC82EB /* PrimaryButton.swift */ = {isa = PBXFileReference; lastKnownFileType = sourcecode.swift; path = PrimaryButton.swift; sourceTree = "<group>"; };
		BAE593592DBB9D7600AC82EB /* Colors.xcassets */ = {isa = PBXFileReference; lastKnownFileType = folder.assetcatalog; path = Colors.xcassets; sourceTree = "<group>"; };
		BAE5935B2DBB9F1D00AC82EB /* Padding+CornerRadius.swift */ = {isa = PBXFileReference; lastKnownFileType = sourcecode.swift; path = "Padding+CornerRadius.swift"; sourceTree = "<group>"; };
		BAE8887A2DB22D250054BCE0 /* Tidoy App.app */ = {isa = PBXFileReference; explicitFileType = wrapper.application; includeInIndex = 0; path = "Tidoy App.app"; sourceTree = BUILT_PRODUCTS_DIR; };
		BAE8887D2DB22D250054BCE0 /* Tidoy_AppApp.swift */ = {isa = PBXFileReference; lastKnownFileType = sourcecode.swift; path = Tidoy_AppApp.swift; sourceTree = "<group>"; };
		BAE8887F2DB22D250054BCE0 /* ContentView.swift */ = {isa = PBXFileReference; lastKnownFileType = sourcecode.swift; path = ContentView.swift; sourceTree = "<group>"; };
		BAE888812DB22D280054BCE0 /* Assets.xcassets */ = {isa = PBXFileReference; lastKnownFileType = folder.assetcatalog; path = Assets.xcassets; sourceTree = "<group>"; };
		BAE888842DB22D280054BCE0 /* Preview Assets.xcassets */ = {isa = PBXFileReference; lastKnownFileType = folder.assetcatalog; path = "Preview Assets.xcassets"; sourceTree = "<group>"; };
		BAF0401F2DCC96EE00458972 /* LoginView.swift */ = {isa = PBXFileReference; lastKnownFileType = sourcecode.swift; path = LoginView.swift; sourceTree = "<group>"; };
		BAF040212DCDD53700458972 /* CustomTextField.swift */ = {isa = PBXFileReference; lastKnownFileType = sourcecode.swift; path = CustomTextField.swift; sourceTree = "<group>"; };
		BAF040232DCDD56000458972 /* Enum+TextFieldStates.swift */ = {isa = PBXFileReference; lastKnownFileType = sourcecode.swift; path = "Enum+TextFieldStates.swift"; sourceTree = "<group>"; };
		BAF718A42DCE062B001F01A6 /* View+Extension.swift */ = {isa = PBXFileReference; lastKnownFileType = sourcecode.swift; path = "View+Extension.swift"; sourceTree = "<group>"; };
/* End PBXFileReference section */

/* Begin PBXFrameworksBuildPhase section */
		BAE888772DB22D250054BCE0 /* Frameworks */ = {
			isa = PBXFrameworksBuildPhase;
			buildActionMask = 2147483647;
			files = (
			);
			runOnlyForDeploymentPostprocessing = 0;
		};
/* End PBXFrameworksBuildPhase section */

/* Begin PBXGroup section */
		BA072BFB2DB236BA00279CC2 /* Views */ = {
			isa = PBXGroup;
			children = (
				BAF0401E2DCC96C900458972 /* LoginView */,
				BA072BFF2DB237F700279CC2 /* SplashView */,
				BA072BFC2DB236C800279CC2 /* OnBoardingView */,
				BA1768EC2DD20DD000A04B01 /* SignUpView.swift */,
			);
			path = Views;
			sourceTree = "<group>";
		};
		BA072BFC2DB236C800279CC2 /* OnBoardingView */ = {
			isa = PBXGroup;
			children = (
				BA072BFD2DB236E400279CC2 /* OnBoardingScreen.swift */,
				BA072C202DB2649700279CC2 /* OnBoardingScreen2.swift */,
				BA072C222DB264A700279CC2 /* OnBoardingScreen3.swift */,
			);
			path = OnBoardingView;
			sourceTree = "<group>";
		};
		BA072BFF2DB237F700279CC2 /* SplashView */ = {
			isa = PBXGroup;
			children = (
				BA072C002DB2380D00279CC2 /* SplashScreen.swift */,
			);
			path = SplashView;
			sourceTree = "<group>";
		};
		BA072C022DB23AB600279CC2 /* Resources */ = {
			isa = PBXGroup;
			children = (
				BAE888812DB22D280054BCE0 /* Assets.xcassets */,
				BAE593592DBB9D7600AC82EB /* Colors.xcassets */,
				BA072C032DB23ABE00279CC2 /* Fonts */,
			);
			path = Resources;
			sourceTree = "<group>";
		};
		BA072C032DB23ABE00279CC2 /* Fonts */ = {
			isa = PBXGroup;
			children = (
				BA072C042DB23ACF00279CC2 /* Manrope */,
			);
			path = Fonts;
			sourceTree = "<group>";
		};
		BA072C042DB23ACF00279CC2 /* Manrope */ = {
			isa = PBXGroup;
			children = (
				BA072C052DB23ACF00279CC2 /* Manrope-VariableFont_wght.ttf */,
				BA072C062DB23ACF00279CC2 /* static */,
				BA072C0E2DB23ACF00279CC2 /* OFL.txt */,
				BA072C0F2DB23ACF00279CC2 /* README.txt */,
			);
			name = Manrope;
			path = "../../../../../../Downloads/Lato,Manrope/Manrope";
			sourceTree = "<group>";
		};
		BA072C062DB23ACF00279CC2 /* static */ = {
			isa = PBXGroup;
			children = (
				BA072C072DB23ACF00279CC2 /* Manrope-Medium.ttf */,
				BA072C082DB23ACF00279CC2 /* Manrope-SemiBold.ttf */,
				BA072C092DB23ACF00279CC2 /* Manrope-ExtraBold.ttf */,
				BA072C0A2DB23ACF00279CC2 /* Manrope-Regular.ttf */,
				BA072C0B2DB23ACF00279CC2 /* Manrope-ExtraLight.ttf */,
				BA072C0C2DB23ACF00279CC2 /* Manrope-Light.ttf */,
				BA072C0D2DB23ACF00279CC2 /* Manrope-Bold.ttf */,
			);
			path = static;
			sourceTree = "<group>";
		};
		BA072C1A2DB23C5900279CC2 /* Extensions */ = {
			isa = PBXGroup;
			children = (
				BA072C1B2DB23CBF00279CC2 /* Font+Extension.swift */,
				BA072C1D2DB23D3D00279CC2 /* String+Extension.swift */,
				BAE5935B2DBB9F1D00AC82EB /* Padding+CornerRadius.swift */,
				BAF718A42DCE062B001F01A6 /* View+Extension.swift */,
			);
			path = Extensions;
			sourceTree = "<group>";
		};
		BAE593562DBB9B0900AC82EB /* Components */ = {
			isa = PBXGroup;
			children = (
				BAE593572DBB9B2300AC82EB /* PrimaryButton.swift */,
				BA0382242DC22E1A00B5A1E3 /* SecondaryButton.swift */,
				BA0382262DC22ECA00B5A1E3 /* TertiaryButton.swift */,
				BA64ADFE2DCC870A00571977 /* CustomButtonTabs.swift */,
				BAF040212DCDD53700458972 /* CustomTextField.swift */,
				BA1768EA2DD200A300A04B01 /* PhoneNumberTextField.swift */,
			);
			path = Components;
			sourceTree = "<group>";
		};
		BAE888712DB22D250054BCE0 = {
			isa = PBXGroup;
			children = (
				BAE8887C2DB22D250054BCE0 /* Tidoy App */,
				BAE8887B2DB22D250054BCE0 /* Products */,
			);
			sourceTree = "<group>";
		};
		BAE8887B2DB22D250054BCE0 /* Products */ = {
			isa = PBXGroup;
			children = (
				BAE8887A2DB22D250054BCE0 /* Tidoy App.app */,
			);
			name = Products;
			sourceTree = "<group>";
		};
		BAE8887C2DB22D250054BCE0 /* Tidoy App */ = {
			isa = PBXGroup;
			children = (
				BAF040252DCDD64000458972 /* Constants */,
				BAE593562DBB9B0900AC82EB /* Components */,
				BA072C1F2DB23DF600279CC2 /* Tidoy-App-Info.plist */,
				BA072C1A2DB23C5900279CC2 /* Extensions */,
				BA072C022DB23AB600279CC2 /* Resources */,
				BA072BFB2DB236BA00279CC2 /* Views */,
				BAE8887D2DB22D250054BCE0 /* Tidoy_AppApp.swift */,
				BAE8887F2DB22D250054BCE0 /* ContentView.swift */,
				BAE888832DB22D280054BCE0 /* Preview Content */,
			);
			path = "Tidoy App";
			sourceTree = "<group>";
		};
		BAE888832DB22D280054BCE0 /* Preview Content */ = {
			isa = PBXGroup;
			children = (
				BAE888842DB22D280054BCE0 /* Preview Assets.xcassets */,
			);
			path = "Preview Content";
			sourceTree = "<group>";
		};
		BAF0401E2DCC96C900458972 /* LoginView */ = {
			isa = PBXGroup;
			children = (
				BAF0401F2DCC96EE00458972 /* LoginView.swift */,
			);
			path = LoginView;
			sourceTree = "<group>";
		};
		BAF040252DCDD64000458972 /* Constants */ = {
			isa = PBXGroup;
			children = (
				BAF040262DCDD64900458972 /* Enums */,
			);
			path = Constants;
			sourceTree = "<group>";
		};
		BAF040262DCDD64900458972 /* Enums */ = {
			isa = PBXGroup;
			children = (
				BAF040232DCDD56000458972 /* Enum+TextFieldStates.swift */,
			);
			path = Enums;
			sourceTree = "<group>";
		};
/* End PBXGroup section */

/* Begin PBXNativeTarget section */
		BAE888792DB22D250054BCE0 /* Tidoy App */ = {
			isa = PBXNativeTarget;
			buildConfigurationList = BAE888882DB22D280054BCE0 /* Build configuration list for PBXNativeTarget "Tidoy App" */;
			buildPhases = (
				BAE888762DB22D250054BCE0 /* Sources */,
				BAE888772DB22D250054BCE0 /* Frameworks */,
				BAE888782DB22D250054BCE0 /* Resources */,
			);
			buildRules = (
			);
			dependencies = (
			);
			name = "Tidoy App";
			productName = "Tidoy App";
			productReference = BAE8887A2DB22D250054BCE0 /* Tidoy App.app */;
			productType = "com.apple.product-type.application";
		};
/* End PBXNativeTarget section */

/* Begin PBXProject section */
		BAE888722DB22D250054BCE0 /* Project object */ = {
			isa = PBXProject;
			attributes = {
				BuildIndependentTargetsInParallel = 1;
				LastSwiftUpdateCheck = 1520;
				LastUpgradeCheck = 1520;
				TargetAttributes = {
					BAE888792DB22D250054BCE0 = {
						CreatedOnToolsVersion = 15.2;
					};
				};
			};
			buildConfigurationList = BAE888752DB22D250054BCE0 /* Build configuration list for PBXProject "Tidoy App" */;
			compatibilityVersion = "Xcode 14.0";
			developmentRegion = en;
			hasScannedForEncodings = 0;
			knownRegions = (
				en,
				Base,
			);
			mainGroup = BAE888712DB22D250054BCE0;
			productRefGroup = BAE8887B2DB22D250054BCE0 /* Products */;
			projectDirPath = "";
			projectRoot = "";
			targets = (
				BAE888792DB22D250054BCE0 /* Tidoy App */,
			);
		};
/* End PBXProject section */

/* Begin PBXResourcesBuildPhase section */
		BAE888782DB22D250054BCE0 /* Resources */ = {
			isa = PBXResourcesBuildPhase;
			buildActionMask = 2147483647;
			files = (
				BA072C122DB23ACF00279CC2 /* Manrope-SemiBold.ttf in Resources */,
				BA072C182DB23ACF00279CC2 /* OFL.txt in Resources */,
				BAE5935A2DBB9D7600AC82EB /* Colors.xcassets in Resources */,
				BAE888852DB22D280054BCE0 /* Preview Assets.xcassets in Resources */,
				BAE888822DB22D280054BCE0 /* Assets.xcassets in Resources */,
				BA072C132DB23ACF00279CC2 /* Manrope-ExtraBold.ttf in Resources */,
				BA072C112DB23ACF00279CC2 /* Manrope-Medium.ttf in Resources */,
				BA072C152DB23ACF00279CC2 /* Manrope-ExtraLight.ttf in Resources */,
				BA072C172DB23ACF00279CC2 /* Manrope-Bold.ttf in Resources */,
				BA072C102DB23ACF00279CC2 /* Manrope-VariableFont_wght.ttf in Resources */,
				BA072C162DB23ACF00279CC2 /* Manrope-Light.ttf in Resources */,
				BA072C192DB23AD000279CC2 /* README.txt in Resources */,
				BA072C142DB23ACF00279CC2 /* Manrope-Regular.ttf in Resources */,
			);
			runOnlyForDeploymentPostprocessing = 0;
		};
/* End PBXResourcesBuildPhase section */

/* Begin PBXSourcesBuildPhase section */
		BAE888762DB22D250054BCE0 /* Sources */ = {
			isa = PBXSourcesBuildPhase;
			buildActionMask = 2147483647;
			files = (
				BAE593582DBB9B2300AC82EB /* PrimaryButton.swift in Sources */,
				BA072C232DB264A700279CC2 /* OnBoardingScreen3.swift in Sources */,
				BA0382252DC22E1A00B5A1E3 /* SecondaryButton.swift in Sources */,
				BAF718A52DCE062B001F01A6 /* View+Extension.swift in Sources */,
				BAE5935C2DBB9F1D00AC82EB /* Padding+CornerRadius.swift in Sources */,
				BA1768ED2DD20DD000A04B01 /* SignUpView.swift in Sources */,
				BA072C012DB2380D00279CC2 /* SplashScreen.swift in Sources */,
				BA072BFE2DB236E400279CC2 /* OnBoardingScreen.swift in Sources */,
				BA072C212DB2649700279CC2 /* OnBoardingScreen2.swift in Sources */,
				BA64ADFF2DCC870B00571977 /* CustomButtonTabs.swift in Sources */,
				BAF040242DCDD56000458972 /* Enum+TextFieldStates.swift in Sources */,
				BAF040202DCC96EE00458972 /* LoginView.swift in Sources */,
				BA1768EB2DD200A300A04B01 /* PhoneNumberTextField.swift in Sources */,
				BA0382272DC22ECA00B5A1E3 /* TertiaryButton.swift in Sources */,
				BA072C1E2DB23D3D00279CC2 /* String+Extension.swift in Sources */,
				BAE888802DB22D250054BCE0 /* ContentView.swift in Sources */,
				BA072C1C2DB23CBF00279CC2 /* Font+Extension.swift in Sources */,
				BAE8887E2DB22D250054BCE0 /* Tidoy_AppApp.swift in Sources */,
				BAF040222DCDD53700458972 /* CustomTextField.swift in Sources */,
			);
			runOnlyForDeploymentPostprocessing = 0;
		};
/* End PBXSourcesBuildPhase section */

/* Begin XCBuildConfiguration section */
		BAE888862DB22D280054BCE0 /* Debug */ = {
			isa = XCBuildConfiguration;
			buildSettings = {
				ALWAYS_SEARCH_USER_PATHS = NO;
				ASSETCATALOG_COMPILER_GENERATE_SWIFT_ASSET_SYMBOL_EXTENSIONS = YES;
				CLANG_ANALYZER_NONNULL = YES;
				CLANG_ANALYZER_NUMBER_OBJECT_CONVERSION = YES_AGGRESSIVE;
				CLANG_CXX_LANGUAGE_STANDARD = "gnu++20";
				CLANG_ENABLE_MODULES = YES;
				CLANG_ENABLE_OBJC_ARC = YES;
				CLANG_ENABLE_OBJC_WEAK = YES;
				CLANG_WARN_BLOCK_CAPTURE_AUTORELEASING = YES;
				CLANG_WARN_BOOL_CONVERSION = YES;
				CLANG_WARN_COMMA = YES;
				CLANG_WARN_CONSTANT_CONVERSION = YES;
				CLANG_WARN_DEPRECATED_OBJC_IMPLEMENTATIONS = YES;
				CLANG_WARN_DIRECT_OBJC_ISA_USAGE = YES_ERROR;
				CLANG_WARN_DOCUMENTATION_COMMENTS = YES;
				CLANG_WARN_EMPTY_BODY = YES;
				CLANG_WARN_ENUM_CONVERSION = YES;
				CLANG_WARN_INFINITE_RECURSION = YES;
				CLANG_WARN_INT_CONVERSION = YES;
				CLANG_WARN_NON_LITERAL_NULL_CONVERSION = YES;
				CLANG_WARN_OBJC_IMPLICIT_RETAIN_SELF = YES;
				CLANG_WARN_OBJC_LITERAL_CONVERSION = YES;
				CLANG_WARN_OBJC_ROOT_CLASS = YES_ERROR;
				CLANG_WARN_QUOTED_INCLUDE_IN_FRAMEWORK_HEADER = YES;
				CLANG_WARN_RANGE_LOOP_ANALYSIS = YES;
				CLANG_WARN_STRICT_PROTOTYPES = YES;
				CLANG_WARN_SUSPICIOUS_MOVE = YES;
				CLANG_WARN_UNGUARDED_AVAILABILITY = YES_AGGRESSIVE;
				CLANG_WARN_UNREACHABLE_CODE = YES;
				CLANG_WARN__DUPLICATE_METHOD_MATCH = YES;
				COPY_PHASE_STRIP = NO;
				DEBUG_INFORMATION_FORMAT = dwarf;
				ENABLE_STRICT_OBJC_MSGSEND = YES;
				ENABLE_TESTABILITY = YES;
				ENABLE_USER_SCRIPT_SANDBOXING = YES;
				GCC_C_LANGUAGE_STANDARD = gnu17;
				GCC_DYNAMIC_NO_PIC = NO;
				GCC_NO_COMMON_BLOCKS = YES;
				GCC_OPTIMIZATION_LEVEL = 0;
				GCC_PREPROCESSOR_DEFINITIONS = (
					"DEBUG=1",
					"$(inherited)",
				);
				GCC_WARN_64_TO_32_BIT_CONVERSION = YES;
				GCC_WARN_ABOUT_RETURN_TYPE = YES_ERROR;
				GCC_WARN_UNDECLARED_SELECTOR = YES;
				GCC_WARN_UNINITIALIZED_AUTOS = YES_AGGRESSIVE;
				GCC_WARN_UNUSED_FUNCTION = YES;
				GCC_WARN_UNUSED_VARIABLE = YES;
				IPHONEOS_DEPLOYMENT_TARGET = 17.2;
				LOCALIZATION_PREFERS_STRING_CATALOGS = YES;
				MTL_ENABLE_DEBUG_INFO = INCLUDE_SOURCE;
				MTL_FAST_MATH = YES;
				ONLY_ACTIVE_ARCH = YES;
				SDKROOT = iphoneos;
				SWIFT_ACTIVE_COMPILATION_CONDITIONS = "DEBUG $(inherited)";
				SWIFT_OPTIMIZATION_LEVEL = "-Onone";
			};
			name = Debug;
		};
		BAE888872DB22D280054BCE0 /* Release */ = {
			isa = XCBuildConfiguration;
			buildSettings = {
				ALWAYS_SEARCH_USER_PATHS = NO;
				ASSETCATALOG_COMPILER_GENERATE_SWIFT_ASSET_SYMBOL_EXTENSIONS = YES;
				CLANG_ANALYZER_NONNULL = YES;
				CLANG_ANALYZER_NUMBER_OBJECT_CONVERSION = YES_AGGRESSIVE;
				CLANG_CXX_LANGUAGE_STANDARD = "gnu++20";
				CLANG_ENABLE_MODULES = YES;
				CLANG_ENABLE_OBJC_ARC = YES;
				CLANG_ENABLE_OBJC_WEAK = YES;
				CLANG_WARN_BLOCK_CAPTURE_AUTORELEASING = YES;
				CLANG_WARN_BOOL_CONVERSION = YES;
				CLANG_WARN_COMMA = YES;
				CLANG_WARN_CONSTANT_CONVERSION = YES;
				CLANG_WARN_DEPRECATED_OBJC_IMPLEMENTATIONS = YES;
				CLANG_WARN_DIRECT_OBJC_ISA_USAGE = YES_ERROR;
				CLANG_WARN_DOCUMENTATION_COMMENTS = YES;
				CLANG_WARN_EMPTY_BODY = YES;
				CLANG_WARN_ENUM_CONVERSION = YES;
				CLANG_WARN_INFINITE_RECURSION = YES;
				CLANG_WARN_INT_CONVERSION = YES;
				CLANG_WARN_NON_LITERAL_NULL_CONVERSION = YES;
				CLANG_WARN_OBJC_IMPLICIT_RETAIN_SELF = YES;
				CLANG_WARN_OBJC_LITERAL_CONVERSION = YES;
				CLANG_WARN_OBJC_ROOT_CLASS = YES_ERROR;
				CLANG_WARN_QUOTED_INCLUDE_IN_FRAMEWORK_HEADER = YES;
				CLANG_WARN_RANGE_LOOP_ANALYSIS = YES;
				CLANG_WARN_STRICT_PROTOTYPES = YES;
				CLANG_WARN_SUSPICIOUS_MOVE = YES;
				CLANG_WARN_UNGUARDED_AVAILABILITY = YES_AGGRESSIVE;
				CLANG_WARN_UNREACHABLE_CODE = YES;
				CLANG_WARN__DUPLICATE_METHOD_MATCH = YES;
				COPY_PHASE_STRIP = NO;
				DEBUG_INFORMATION_FORMAT = "dwarf-with-dsym";
				ENABLE_NS_ASSERTIONS = NO;
				ENABLE_STRICT_OBJC_MSGSEND = YES;
				ENABLE_USER_SCRIPT_SANDBOXING = YES;
				GCC_C_LANGUAGE_STANDARD = gnu17;
				GCC_NO_COMMON_BLOCKS = YES;
				GCC_WARN_64_TO_32_BIT_CONVERSION = YES;
				GCC_WARN_ABOUT_RETURN_TYPE = YES_ERROR;
				GCC_WARN_UNDECLARED_SELECTOR = YES;
				GCC_WARN_UNINITIALIZED_AUTOS = YES_AGGRESSIVE;
				GCC_WARN_UNUSED_FUNCTION = YES;
				GCC_WARN_UNUSED_VARIABLE = YES;
				IPHONEOS_DEPLOYMENT_TARGET = 17.2;
				LOCALIZATION_PREFERS_STRING_CATALOGS = YES;
				MTL_ENABLE_DEBUG_INFO = NO;
				MTL_FAST_MATH = YES;
				SDKROOT = iphoneos;
				SWIFT_COMPILATION_MODE = wholemodule;
				VALIDATE_PRODUCT = YES;
			};
			name = Release;
		};
		BAE888892DB22D280054BCE0 /* Debug */ = {
			isa = XCBuildConfiguration;
			buildSettings = {
				ASSETCATALOG_COMPILER_APPICON_NAME = AppIcon;
				ASSETCATALOG_COMPILER_GLOBAL_ACCENT_COLOR_NAME = AccentColor;
				CODE_SIGN_STYLE = Automatic;
				CURRENT_PROJECT_VERSION = 1;
				DEVELOPMENT_ASSET_PATHS = "\"Tidoy App/Preview Content\"";
				DEVELOPMENT_TEAM = YBC6QZE5G7;
				ENABLE_PREVIEWS = YES;
				GENERATE_INFOPLIST_FILE = YES;
				INFOPLIST_FILE = "Tidoy-App-Info.plist";
				INFOPLIST_KEY_UIApplicationSceneManifest_Generation = YES;
				INFOPLIST_KEY_UIApplicationSupportsIndirectInputEvents = YES;
				INFOPLIST_KEY_UILaunchScreen_Generation = YES;
				INFOPLIST_KEY_UISupportedInterfaceOrientations_iPad = "UIInterfaceOrientationPortrait UIInterfaceOrientationPortraitUpsideDown UIInterfaceOrientationLandscapeLeft UIInterfaceOrientationLandscapeRight";
				INFOPLIST_KEY_UISupportedInterfaceOrientations_iPhone = "UIInterfaceOrientationPortrait UIInterfaceOrientationLandscapeLeft UIInterfaceOrientationLandscapeRight";
				LD_RUNPATH_SEARCH_PATHS = (
					"$(inherited)",
					"@executable_path/Frameworks",
				);
				MARKETING_VERSION = 1.0;
				PRODUCT_BUNDLE_IDENTIFIER = "com.tidoy.app.Tidoy-App";
				PRODUCT_NAME = "$(TARGET_NAME)";
				SWIFT_EMIT_LOC_STRINGS = YES;
				SWIFT_VERSION = 5.0;
				TARGETED_DEVICE_FAMILY = "1,2";
			};
			name = Debug;
		};
		BAE8888A2DB22D280054BCE0 /* Release */ = {
			isa = XCBuildConfiguration;
			buildSettings = {
				ASSETCATALOG_COMPILER_APPICON_NAME = AppIcon;
				ASSETCATALOG_COMPILER_GLOBAL_ACCENT_COLOR_NAME = AccentColor;
				CODE_SIGN_STYLE = Automatic;
				CURRENT_PROJECT_VERSION = 1;
				DEVELOPMENT_ASSET_PATHS = "\"Tidoy App/Preview Content\"";
				DEVELOPMENT_TEAM = YBC6QZE5G7;
				ENABLE_PREVIEWS = YES;
				GENERATE_INFOPLIST_FILE = YES;
				INFOPLIST_FILE = "Tidoy-App-Info.plist";
				INFOPLIST_KEY_UIApplicationSceneManifest_Generation = YES;
				INFOPLIST_KEY_UIApplicationSupportsIndirectInputEvents = YES;
				INFOPLIST_KEY_UILaunchScreen_Generation = YES;
				INFOPLIST_KEY_UISupportedInterfaceOrientations_iPad = "UIInterfaceOrientationPortrait UIInterfaceOrientationPortraitUpsideDown UIInterfaceOrientationLandscapeLeft UIInterfaceOrientationLandscapeRight";
				INFOPLIST_KEY_UISupportedInterfaceOrientations_iPhone = "UIInterfaceOrientationPortrait UIInterfaceOrientationLandscapeLeft UIInterfaceOrientationLandscapeRight";
				LD_RUNPATH_SEARCH_PATHS = (
					"$(inherited)",
					"@executable_path/Frameworks",
				);
				MARKETING_VERSION = 1.0;
				PRODUCT_BUNDLE_IDENTIFIER = "com.tidoy.app.Tidoy-App";
				PRODUCT_NAME = "$(TARGET_NAME)";
				SWIFT_EMIT_LOC_STRINGS = YES;
				SWIFT_VERSION = 5.0;
				TARGETED_DEVICE_FAMILY = "1,2";
			};
			name = Release;
		};
/* End XCBuildConfiguration section */

/* Begin XCConfigurationList section */
		BAE888752DB22D250054BCE0 /* Build configuration list for PBXProject "Tidoy App" */ = {
			isa = XCConfigurationList;
			buildConfigurations = (
				BAE888862DB22D280054BCE0 /* Debug */,
				BAE888872DB22D280054BCE0 /* Release */,
			);
			defaultConfigurationIsVisible = 0;
			defaultConfigurationName = Release;
		};
		BAE888882DB22D280054BCE0 /* Build configuration list for PBXNativeTarget "Tidoy App" */ = {
			isa = XCConfigurationList;
			buildConfigurations = (
				BAE888892DB22D280054BCE0 /* Debug */,
				BAE8888A2DB22D280054BCE0 /* Release */,
			);
			defaultConfigurationIsVisible = 0;
			defaultConfigurationName = Release;
		};
/* End XCConfigurationList section */
	};
	rootObject = BAE888722DB22D250054BCE0 /* Project object */;
}
